
Microsoft Visual Studio Solution File, Format Version 12.00
# Visual Studio 15
VisualStudioVersion = 15.0.34320.172
MinimumVisualStudioVersion = 10.0.40219.1
Project("{FAE04EC0-301F-11D3-BF4B-00C04F79EFBC}") = "Lab20", "Lab20\Lab20.csproj", "{082F05A2-79F8-4AB1-A7B9-2E566757B0D9}"
EndProject
Global
	GlobalSection(SolutionConfigurationPlatforms) = preSolution
		Debug|Any CPU = Debug|Any CPU
		Release|Any CPU = Release|Any CPU
	EndGlobalSection
	GlobalSection(ProjectConfigurationPlatforms) = postSolution
		{082F05A2-79F8-4AB1-A7B9-2E566757B0D9}.Debug|Any CPU.ActiveCfg = Debug|Any CPU
		{082F05A2-79F8-4AB1-A7B9-2E566757B0D9}.Debug|Any CPU.Build.0 = Debug|Any CPU
		{082F05A2-79F8-4AB1-A7B9-2E566757B0D9}.Release|Any CPU.ActiveCfg = Release|Any CPU
		{082F05A2-79F8-4AB1-A7B9-2E566757B0D9}.Release|Any CPU.Build.0 = Release|Any CPU
	EndGlobalSection
	GlobalSection(SolutionProperties) = preSolution
		HideSolutionNode = FALSE
	EndGlobalSection
	GlobalSection(ExtensibilityGlobals) = postSolution
		SolutionGuid = {F5DCBD72-A79A-446A-94D3-A699A9731E6E}
	EndGlobalSection
EndGlobal
